
Microsoft Visual Studio Solution File, Format Version 12.00
# Visual Studio Version 17
VisualStudioVersion = 17.14.36203.30 d17.14
MinimumVisualStudioVersion = 10.0.40219.1
Project("{FAE04EC0-301F-11D3-BF4B-00C04F79EFBC}") = "BackMultibanco", "BackMultibanco.csproj", "{FF9163D5-837D-45C3-B7FB-F3E6EF21D326}"
EndProject
Global
	GlobalSection(SolutionConfigurationPlatforms) = preSolution
		Debug|Any CPU = Debug|Any CPU
		Release|Any CPU = Release|Any CPU
	EndGlobalSection
	GlobalSection(ProjectConfigurationPlatforms) = postSolution
		{FF9163D5-837D-45C3-B7FB-F3E6EF21D326}.Debug|Any CPU.ActiveCfg = Debug|Any CPU
		{FF9163D5-837D-45C3-B7FB-F3E6EF21D326}.Debug|Any CPU.Build.0 = Debug|Any CPU
		{FF9163D5-837D-45C3-B7FB-F3E6EF21D326}.Release|Any CPU.ActiveCfg = Release|Any CPU
		{FF9163D5-837D-45C3-B7FB-F3E6EF21D326}.Release|Any CPU.Build.0 = Release|Any CPU
	EndGlobalSection
	GlobalSection(SolutionProperties) = preSolution
		HideSolutionNode = FALSE
	EndGlobalSection
	GlobalSection(ExtensibilityGlobals) = postSolution
		SolutionGuid = {70DDA8E0-3B72-4CA7-82FB-8F7D8BA309A7}
	EndGlobalSection
EndGlobal
